
Microsoft Visual Studio Solution File, Format Version 12.00
# Visual Studio 15
VisualStudioVersion = 15.0.27130.2003
MinimumVisualStudioVersion = 10.0.40219.1
Project("{FAE04EC0-301F-11D3-BF4B-00C04F79EFBC}") = "JackTimingApp.Android", "JackTimingApp\JackTimingApp.Android\JackTimingApp.Android.csproj", "{5C2F4CC4-3660-4FE8-8C97-BB3E5F160984}"
EndProject
Project("{FAE04EC0-301F-11D3-BF4B-00C04F79EFBC}") = "JackTimingApp.iOS", "JackTimingApp\JackTimingApp.iOS\JackTimingApp.iOS.csproj", "{E7058858-1745-4A65-8C2E-F33A810E0546}"
EndProject
Project("{FAE04EC0-301F-11D3-BF4B-00C04F79EFBC}") = "JackTimingApp.UWP", "JackTimingApp\JackTimingApp.UWP\JackTimingApp.UWP.csproj", "{61789828-AFB3-40E0-AD1E-B04BE7C087C8}"
EndProject
Project("{9A19103F-16F7-4668-BE54-9A1E7A4F7556}") = "JackTimingApp", "JackTimingApp\JackTimingApp\JackTimingApp.csproj", "{F154370C-C899-4C4F-8642-B314BC13EB24}"
EndProject
Project("{2150E333-8FDC-42A3-9474-1A3956D46DE8}") = "Solution Items", "Solution Items", "{6B2C1750-A982-4F84-9EE5-4D9FCE1482A5}"
	ProjectSection(SolutionItems) = preProject
		Readme.md = Readme.md
		..\..\..\Downloads\screenshot.jpg = ..\..\..\Downloads\screenshot.jpg
	EndProjectSection
EndProject
Global
	GlobalSection(SolutionConfigurationPlatforms) = preSolution
		Ad-Hoc|Any CPU = Ad-Hoc|Any CPU
		Ad-Hoc|ARM = Ad-Hoc|ARM
		Ad-Hoc|iPhone = Ad-Hoc|iPhone
		Ad-Hoc|iPhoneSimulator = Ad-Hoc|iPhoneSimulator
		Ad-Hoc|x64 = Ad-Hoc|x64
		Ad-Hoc|x86 = Ad-Hoc|x86
		AppStore|Any CPU = AppStore|Any CPU
		AppStore|ARM = AppStore|ARM
		AppStore|iPhone = AppStore|iPhone
		AppStore|iPhoneSimulator = AppStore|iPhoneSimulator
		AppStore|x64 = AppStore|x64
		AppStore|x86 = AppStore|x86
		Debug|Any CPU = Debug|Any CPU
		Debug|ARM = Debug|ARM
		Debug|iPhone = Debug|iPhone
		Debug|iPhoneSimulator = Debug|iPhoneSimulator
		Debug|x64 = Debug|x64
		Debug|x86 = Debug|x86
		Release|Any CPU = Release|Any CPU
		Release|ARM = Release|ARM
		Release|iPhone = Release|iPhone
		Release|iPhoneSimulator = Release|iPhoneSimulator
		Release|x64 = Release|x64
		Release|x86 = Release|x86
	EndGlobalSection
	GlobalSection(ProjectConfigurationPlatforms) = postSolution
		{5C2F4CC4-3660-4FE8-8C97-BB3E5F160984}.Ad-Hoc|Any CPU.ActiveCfg = Release|Any CPU
		{5C2F4CC4-3660-4FE8-8C97-BB3E5F160984}.Ad-Hoc|Any CPU.Build.0 = Release|Any CPU
		{5C2F4CC4-3660-4FE8-8C97-BB3E5F160984}.Ad-Hoc|Any CPU.Deploy.0 = Release|Any CPU
		{5C2F4CC4-3660-4FE8-8C97-BB3E5F160984}.Ad-Hoc|ARM.ActiveCfg = Release|Any CPU
		{5C2F4CC4-3660-4FE8-8C97-BB3E5F160984}.Ad-Hoc|ARM.Build.0 = Release|Any CPU
		{5C2F4CC4-3660-4FE8-8C97-BB3E5F160984}.Ad-Hoc|ARM.Deploy.0 = Release|Any CPU
		{5C2F4CC4-3660-4FE8-8C97-BB3E5F160984}.Ad-Hoc|iPhone.ActiveCfg = Release|Any CPU
		{5C2F4CC4-3660-4FE8-8C97-BB3E5F160984}.Ad-Hoc|iPhone.Build.0 = Release|Any CPU
		{5C2F4CC4-3660-4FE8-8C97-BB3E5F160984}.Ad-Hoc|iPhone.Deploy.0 = Release|Any CPU
		{5C2F4CC4-3660-4FE8-8C97-BB3E5F160984}.Ad-Hoc|iPhoneSimulator.ActiveCfg = Release|Any CPU
		{5C2F4CC4-3660-4FE8-8C97-BB3E5F160984}.Ad-Hoc|iPhoneSimulator.Build.0 = Release|Any CPU
		{5C2F4CC4-3660-4FE8-8C97-BB3E5F160984}.Ad-Hoc|iPhoneSimulator.Deploy.0 = Release|Any CPU
		{5C2F4CC4-3660-4FE8-8C97-BB3E5F160984}.Ad-Hoc|x64.ActiveCfg = Release|Any CPU
		{5C2F4CC4-3660-4FE8-8C97-BB3E5F160984}.Ad-Hoc|x64.Build.0 = Release|Any CPU
		{5C2F4CC4-3660-4FE8-8C97-BB3E5F160984}.Ad-Hoc|x64.Deploy.0 = Release|Any CPU
		{5C2F4CC4-3660-4FE8-8C97-BB3E5F160984}.Ad-Hoc|x86.ActiveCfg = Release|Any CPU
		{5C2F4CC4-3660-4FE8-8C97-BB3E5F160984}.Ad-Hoc|x86.Build.0 = Release|Any CPU
		{5C2F4CC4-3660-4FE8-8C97-BB3E5F160984}.Ad-Hoc|x86.Deploy.0 = Release|Any CPU
		{5C2F4CC4-3660-4FE8-8C97-BB3E5F160984}.AppStore|Any CPU.ActiveCfg = Release|Any CPU
		{5C2F4CC4-3660-4FE8-8C97-BB3E5F160984}.AppStore|Any CPU.Build.0 = Release|Any CPU
		{5C2F4CC4-3660-4FE8-8C97-BB3E5F160984}.AppStore|Any CPU.Deploy.0 = Release|Any CPU
		{5C2F4CC4-3660-4FE8-8C97-BB3E5F160984}.AppStore|ARM.ActiveCfg = Release|Any CPU
		{5C2F4CC4-3660-4FE8-8C97-BB3E5F160984}.AppStore|ARM.Build.0 = Release|Any CPU
		{5C2F4CC4-3660-4FE8-8C97-BB3E5F160984}.AppStore|ARM.Deploy.0 = Release|Any CPU
		{5C2F4CC4-3660-4FE8-8C97-BB3E5F160984}.AppStore|iPhone.ActiveCfg = Release|Any CPU
		{5C2F4CC4-3660-4FE8-8C97-BB3E5F160984}.AppStore|iPhone.Build.0 = Release|Any CPU
		{5C2F4CC4-3660-4FE8-8C97-BB3E5F160984}.AppStore|iPhone.Deploy.0 = Release|Any CPU
		{5C2F4CC4-3660-4FE8-8C97-BB3E5F160984}.AppStore|iPhoneSimulator.ActiveCfg = Release|Any CPU
		{5C2F4CC4-3660-4FE8-8C97-BB3E5F160984}.AppStore|iPhoneSimulator.Build.0 = Release|Any CPU
		{5C2F4CC4-3660-4FE8-8C97-BB3E5F160984}.AppStore|iPhoneSimulator.Deploy.0 = Release|Any CPU
		{5C2F4CC4-3660-4FE8-8C97-BB3E5F160984}.AppStore|x64.ActiveCfg = Release|Any CPU
		{5C2F4CC4-3660-4FE8-8C97-BB3E5F160984}.AppStore|x64.Build.0 = Release|Any CPU
		{5C2F4CC4-3660-4FE8-8C97-BB3E5F160984}.AppStore|x64.Deploy.0 = Release|Any CPU
		{5C2F4CC4-3660-4FE8-8C97-BB3E5F160984}.AppStore|x86.ActiveCfg = Release|Any CPU
		{5C2F4CC4-3660-4FE8-8C97-BB3E5F160984}.AppStore|x86.Build.0 = Release|Any CPU
		{5C2F4CC4-3660-4FE8-8C97-BB3E5F160984}.AppStore|x86.Deploy.0 = Release|Any CPU
		{5C2F4CC4-3660-4FE8-8C97-BB3E5F160984}.Debug|Any CPU.ActiveCfg = Debug|Any CPU
		{5C2F4CC4-3660-4FE8-8C97-BB3E5F160984}.Debug|Any CPU.Build.0 = Debug|Any CPU
		{5C2F4CC4-3660-4FE8-8C97-BB3E5F160984}.Debug|Any CPU.Deploy.0 = Debug|Any CPU
		{5C2F4CC4-3660-4FE8-8C97-BB3E5F160984}.Debug|ARM.ActiveCfg = Debug|Any CPU
		{5C2F4CC4-3660-4FE8-8C97-BB3E5F160984}.Debug|ARM.Build.0 = Debug|Any CPU
		{5C2F4CC4-3660-4FE8-8C97-BB3E5F160984}.Debug|ARM.Deploy.0 = Debug|Any CPU
		{5C2F4CC4-3660-4FE8-8C97-BB3E5F160984}.Debug|iPhone.ActiveCfg = Debug|Any CPU
		{5C2F4CC4-3660-4FE8-8C97-BB3E5F160984}.Debug|iPhone.Build.0 = Debug|Any CPU
		{5C2F4CC4-3660-4FE8-8C97-BB3E5F160984}.Debug|iPhone.Deploy.0 = Debug|Any CPU
		{5C2F4CC4-3660-4FE8-8C97-BB3E5F160984}.Debug|iPhoneSimulator.ActiveCfg = Debug|Any CPU
		{5C2F4CC4-3660-4FE8-8C97-BB3E5F160984}.Debug|iPhoneSimulator.Build.0 = Debug|Any CPU
		{5C2F4CC4-3660-4FE8-8C97-BB3E5F160984}.Debug|iPhoneSimulator.Deploy.0 = Debug|Any CPU
		{5C2F4CC4-3660-4FE8-8C97-BB3E5F160984}.Debug|x64.ActiveCfg = Debug|Any CPU
		{5C2F4CC4-3660-4FE8-8C97-BB3E5F160984}.Debug|x64.Build.0 = Debug|Any CPU
		{5C2F4CC4-3660-4FE8-8C97-BB3E5F160984}.Debug|x64.Deploy.0 = Debug|Any CPU
		{5C2F4CC4-3660-4FE8-8C97-BB3E5F160984}.Debug|x86.ActiveCfg = Debug|Any CPU
		{5C2F4CC4-3660-4FE8-8C97-BB3E5F160984}.Debug|x86.Build.0 = Debug|Any CPU
		{5C2F4CC4-3660-4FE8-8C97-BB3E5F160984}.Debug|x86.Deploy.0 = Debug|Any CPU
		{5C2F4CC4-3660-4FE8-8C97-BB3E5F160984}.Release|Any CPU.ActiveCfg = Release|Any CPU
		{5C2F4CC4-3660-4FE8-8C97-BB3E5F160984}.Release|Any CPU.Build.0 = Release|Any CPU
		{5C2F4CC4-3660-4FE8-8C97-BB3E5F160984}.Release|Any CPU.Deploy.0 = Release|Any CPU
		{5C2F4CC4-3660-4FE8-8C97-BB3E5F160984}.Release|ARM.ActiveCfg = Release|Any CPU
		{5C2F4CC4-3660-4FE8-8C97-BB3E5F160984}.Release|ARM.Build.0 = Release|Any CPU
		{5C2F4CC4-3660-4FE8-8C97-BB3E5F160984}.Release|ARM.Deploy.0 = Release|Any CPU
		{5C2F4CC4-3660-4FE8-8C97-BB3E5F160984}.Release|iPhone.ActiveCfg = Release|Any CPU
		{5C2F4CC4-3660-4FE8-8C97-BB3E5F160984}.Release|iPhone.Build.0 = Release|Any CPU
		{5C2F4CC4-3660-4FE8-8C97-BB3E5F160984}.Release|iPhone.Deploy.0 = Release|Any CPU
		{5C2F4CC4-3660-4FE8-8C97-BB3E5F160984}.Release|iPhoneSimulator.ActiveCfg = Release|Any CPU
		{5C2F4CC4-3660-4FE8-8C97-BB3E5F160984}.Release|iPhoneSimulator.Build.0 = Release|Any CPU
		{5C2F4CC4-3660-4FE8-8C97-BB3E5F160984}.Release|iPhoneSimulator.Deploy.0 = Release|Any CPU
		{5C2F4CC4-3660-4FE8-8C97-BB3E5F160984}.Release|x64.ActiveCfg = Release|Any CPU
		{5C2F4CC4-3660-4FE8-8C97-BB3E5F160984}.Release|x64.Build.0 = Release|Any CPU
		{5C2F4CC4-3660-4FE8-8C97-BB3E5F160984}.Release|x64.Deploy.0 = Release|Any CPU
		{5C2F4CC4-3660-4FE8-8C97-BB3E5F160984}.Release|x86.ActiveCfg = Release|Any CPU
		{5C2F4CC4-3660-4FE8-8C97-BB3E5F160984}.Release|x86.Build.0 = Release|Any CPU
		{5C2F4CC4-3660-4FE8-8C97-BB3E5F160984}.Release|x86.Deploy.0 = Release|Any CPU
		{E7058858-1745-4A65-8C2E-F33A810E0546}.Ad-Hoc|Any CPU.ActiveCfg = Ad-Hoc|iPhone
		{E7058858-1745-4A65-8C2E-F33A810E0546}.Ad-Hoc|ARM.ActiveCfg = Ad-Hoc|iPhone
		{E7058858-1745-4A65-8C2E-F33A810E0546}.Ad-Hoc|iPhone.ActiveCfg = Ad-Hoc|iPhone
		{E7058858-1745-4A65-8C2E-F33A810E0546}.Ad-Hoc|iPhone.Build.0 = Ad-Hoc|iPhone
		{E7058858-1745-4A65-8C2E-F33A810E0546}.Ad-Hoc|iPhoneSimulator.ActiveCfg = Ad-Hoc|iPhoneSimulator
		{E7058858-1745-4A65-8C2E-F33A810E0546}.Ad-Hoc|iPhoneSimulator.Build.0 = Ad-Hoc|iPhoneSimulator
		{E7058858-1745-4A65-8C2E-F33A810E0546}.Ad-Hoc|x64.ActiveCfg = Ad-Hoc|iPhone
		{E7058858-1745-4A65-8C2E-F33A810E0546}.Ad-Hoc|x86.ActiveCfg = Ad-Hoc|iPhone
		{E7058858-1745-4A65-8C2E-F33A810E0546}.AppStore|Any CPU.ActiveCfg = AppStore|iPhone
		{E7058858-1745-4A65-8C2E-F33A810E0546}.AppStore|ARM.ActiveCfg = AppStore|iPhone
		{E7058858-1745-4A65-8C2E-F33A810E0546}.AppStore|iPhone.ActiveCfg = AppStore|iPhone
		{E7058858-1745-4A65-8C2E-F33A810E0546}.AppStore|iPhone.Build.0 = AppStore|iPhone
		{E7058858-1745-4A65-8C2E-F33A810E0546}.AppStore|iPhoneSimulator.ActiveCfg = AppStore|iPhoneSimulator
		{E7058858-1745-4A65-8C2E-F33A810E0546}.AppStore|iPhoneSimulator.Build.0 = AppStore|iPhoneSimulator
		{E7058858-1745-4A65-8C2E-F33A810E0546}.AppStore|x64.ActiveCfg = AppStore|iPhone
		{E7058858-1745-4A65-8C2E-F33A810E0546}.AppStore|x86.ActiveCfg = AppStore|iPhone
		{E7058858-1745-4A65-8C2E-F33A810E0546}.Debug|Any CPU.ActiveCfg = Debug|iPhone
		{E7058858-1745-4A65-8C2E-F33A810E0546}.Debug|ARM.ActiveCfg = Debug|iPhone
		{E7058858-1745-4A65-8C2E-F33A810E0546}.Debug|iPhone.ActiveCfg = Debug|iPhone
		{E7058858-1745-4A65-8C2E-F33A810E0546}.Debug|iPhone.Build.0 = Debug|iPhone
		{E7058858-1745-4A65-8C2E-F33A810E0546}.Debug|iPhoneSimulator.ActiveCfg = Debug|iPhoneSimulator
		{E7058858-1745-4A65-8C2E-F33A810E0546}.Debug|iPhoneSimulator.Build.0 = Debug|iPhoneSimulator
		{E7058858-1745-4A65-8C2E-F33A810E0546}.Debug|x64.ActiveCfg = Debug|iPhone
		{E7058858-1745-4A65-8C2E-F33A810E0546}.Debug|x86.ActiveCfg = Debug|iPhone
		{E7058858-1745-4A65-8C2E-F33A810E0546}.Release|Any CPU.ActiveCfg = Release|iPhone
		{E7058858-1745-4A65-8C2E-F33A810E0546}.Release|ARM.ActiveCfg = Release|iPhone
		{E7058858-1745-4A65-8C2E-F33A810E0546}.Release|iPhone.ActiveCfg = Release|iPhone
		{E7058858-1745-4A65-8C2E-F33A810E0546}.Release|iPhone.Build.0 = Release|iPhone
		{E7058858-1745-4A65-8C2E-F33A810E0546}.Release|iPhoneSimulator.ActiveCfg = Release|iPhoneSimulator
		{E7058858-1745-4A65-8C2E-F33A810E0546}.Release|iPhoneSimulator.Build.0 = Release|iPhoneSimulator
		{E7058858-1745-4A65-8C2E-F33A810E0546}.Release|x64.ActiveCfg = Release|iPhone
		{E7058858-1745-4A65-8C2E-F33A810E0546}.Release|x86.ActiveCfg = Release|iPhone
		{61789828-AFB3-40E0-AD1E-B04BE7C087C8}.Ad-Hoc|Any CPU.ActiveCfg = Release|x86
		{61789828-AFB3-40E0-AD1E-B04BE7C087C8}.Ad-Hoc|Any CPU.Build.0 = Release|x86
		{61789828-AFB3-40E0-AD1E-B04BE7C087C8}.Ad-Hoc|Any CPU.Deploy.0 = Release|x86
		{61789828-AFB3-40E0-AD1E-B04BE7C087C8}.Ad-Hoc|ARM.ActiveCfg = Release|ARM
		{61789828-AFB3-40E0-AD1E-B04BE7C087C8}.Ad-Hoc|ARM.Build.0 = Release|ARM
		{61789828-AFB3-40E0-AD1E-B04BE7C087C8}.Ad-Hoc|ARM.Deploy.0 = Release|ARM
		{61789828-AFB3-40E0-AD1E-B04BE7C087C8}.Ad-Hoc|iPhone.ActiveCfg = Release|x86
		{61789828-AFB3-40E0-AD1E-B04BE7C087C8}.Ad-Hoc|iPhone.Build.0 = Release|x86
		{61789828-AFB3-40E0-AD1E-B04BE7C087C8}.Ad-Hoc|iPhone.Deploy.0 = Release|x86
		{61789828-AFB3-40E0-AD1E-B04BE7C087C8}.Ad-Hoc|iPhoneSimulator.ActiveCfg = Release|x86
		{61789828-AFB3-40E0-AD1E-B04BE7C087C8}.Ad-Hoc|iPhoneSimulator.Build.0 = Release|x86
		{61789828-AFB3-40E0-AD1E-B04BE7C087C8}.Ad-Hoc|iPhoneSimulator.Deploy.0 = Release|x86
		{61789828-AFB3-40E0-AD1E-B04BE7C087C8}.Ad-Hoc|x64.ActiveCfg = Release|x64
		{61789828-AFB3-40E0-AD1E-B04BE7C087C8}.Ad-Hoc|x64.Build.0 = Release|x64
		{61789828-AFB3-40E0-AD1E-B04BE7C087C8}.Ad-Hoc|x64.Deploy.0 = Release|x64
		{61789828-AFB3-40E0-AD1E-B04BE7C087C8}.Ad-Hoc|x86.ActiveCfg = Release|x86
		{61789828-AFB3-40E0-AD1E-B04BE7C087C8}.Ad-Hoc|x86.Build.0 = Release|x86
		{61789828-AFB3-40E0-AD1E-B04BE7C087C8}.Ad-Hoc|x86.Deploy.0 = Release|x86
		{61789828-AFB3-40E0-AD1E-B04BE7C087C8}.AppStore|Any CPU.ActiveCfg = Release|x86
		{61789828-AFB3-40E0-AD1E-B04BE7C087C8}.AppStore|Any CPU.Build.0 = Release|x86
		{61789828-AFB3-40E0-AD1E-B04BE7C087C8}.AppStore|Any CPU.Deploy.0 = Release|x86
		{61789828-AFB3-40E0-AD1E-B04BE7C087C8}.AppStore|ARM.ActiveCfg = Release|ARM
		{61789828-AFB3-40E0-AD1E-B04BE7C087C8}.AppStore|ARM.Build.0 = Release|ARM
		{61789828-AFB3-40E0-AD1E-B04BE7C087C8}.AppStore|ARM.Deploy.0 = Release|ARM
		{61789828-AFB3-40E0-AD1E-B04BE7C087C8}.AppStore|iPhone.ActiveCfg = Release|x86
		{61789828-AFB3-40E0-AD1E-B04BE7C087C8}.AppStore|iPhone.Build.0 = Release|x86
		{61789828-AFB3-40E0-AD1E-B04BE7C087C8}.AppStore|iPhone.Deploy.0 = Release|x86
		{61789828-AFB3-40E0-AD1E-B04BE7C087C8}.AppStore|iPhoneSimulator.ActiveCfg = Release|x86
		{61789828-AFB3-40E0-AD1E-B04BE7C087C8}.AppStore|iPhoneSimulator.Build.0 = Release|x86
		{61789828-AFB3-40E0-AD1E-B04BE7C087C8}.AppStore|iPhoneSimulator.Deploy.0 = Release|x86
		{61789828-AFB3-40E0-AD1E-B04BE7C087C8}.AppStore|x64.ActiveCfg = Release|x64
		{61789828-AFB3-40E0-AD1E-B04BE7C087C8}.AppStore|x64.Build.0 = Release|x64
		{61789828-AFB3-40E0-AD1E-B04BE7C087C8}.AppStore|x64.Deploy.0 = Release|x64
		{61789828-AFB3-40E0-AD1E-B04BE7C087C8}.AppStore|x86.ActiveCfg = Release|x86
		{61789828-AFB3-40E0-AD1E-B04BE7C087C8}.AppStore|x86.Build.0 = Release|x86
		{61789828-AFB3-40E0-AD1E-B04BE7C087C8}.AppStore|x86.Deploy.0 = Release|x86
		{61789828-AFB3-40E0-AD1E-B04BE7C087C8}.Debug|Any CPU.ActiveCfg = Debug|x86
		{61789828-AFB3-40E0-AD1E-B04BE7C087C8}.Debug|ARM.ActiveCfg = Debug|ARM
		{61789828-AFB3-40E0-AD1E-B04BE7C087C8}.Debug|ARM.Build.0 = Debug|ARM
		{61789828-AFB3-40E0-AD1E-B04BE7C087C8}.Debug|ARM.Deploy.0 = Debug|ARM
		{61789828-AFB3-40E0-AD1E-B04BE7C087C8}.Debug|iPhone.ActiveCfg = Debug|x86
		{61789828-AFB3-40E0-AD1E-B04BE7C087C8}.Debug|iPhoneSimulator.ActiveCfg = Debug|x86
		{61789828-AFB3-40E0-AD1E-B04BE7C087C8}.Debug|x64.ActiveCfg = Debug|x64
		{61789828-AFB3-40E0-AD1E-B04BE7C087C8}.Debug|x64.Build.0 = Debug|x64
		{61789828-AFB3-40E0-AD1E-B04BE7C087C8}.Debug|x64.Deploy.0 = Debug|x64
		{61789828-AFB3-40E0-AD1E-B04BE7C087C8}.Debug|x86.ActiveCfg = Debug|x86
		{61789828-AFB3-40E0-AD1E-B04BE7C087C8}.Debug|x86.Build.0 = Debug|x86
		{61789828-AFB3-40E0-AD1E-B04BE7C087C8}.Debug|x86.Deploy.0 = Debug|x86
		{61789828-AFB3-40E0-AD1E-B04BE7C087C8}.Release|Any CPU.ActiveCfg = Release|x86
		{61789828-AFB3-40E0-AD1E-B04BE7C087C8}.Release|ARM.ActiveCfg = Release|ARM
		{61789828-AFB3-40E0-AD1E-B04BE7C087C8}.Release|ARM.Build.0 = Release|ARM
		{61789828-AFB3-40E0-AD1E-B04BE7C087C8}.Release|ARM.Deploy.0 = Release|ARM
		{61789828-AFB3-40E0-AD1E-B04BE7C087C8}.Release|iPhone.ActiveCfg = Release|x86
		{61789828-AFB3-40E0-AD1E-B04BE7C087C8}.Release|iPhoneSimulator.ActiveCfg = Release|x86
		{61789828-AFB3-40E0-AD1E-B04BE7C087C8}.Release|x64.ActiveCfg = Release|x64
		{61789828-AFB3-40E0-AD1E-B04BE7C087C8}.Release|x64.Build.0 = Release|x64
		{61789828-AFB3-40E0-AD1E-B04BE7C087C8}.Release|x64.Deploy.0 = Release|x64
		{61789828-AFB3-40E0-AD1E-B04BE7C087C8}.Release|x86.ActiveCfg = Release|x86
		{61789828-AFB3-40E0-AD1E-B04BE7C087C8}.Release|x86.Build.0 = Release|x86
		{61789828-AFB3-40E0-AD1E-B04BE7C087C8}.Release|x86.Deploy.0 = Release|x86
		{F154370C-C899-4C4F-8642-B314BC13EB24}.Ad-Hoc|Any CPU.ActiveCfg = Debug|Any CPU
		{F154370C-C899-4C4F-8642-B314BC13EB24}.Ad-Hoc|Any CPU.Build.0 = Debug|Any CPU
		{F154370C-C899-4C4F-8642-B314BC13EB24}.Ad-Hoc|ARM.ActiveCfg = Debug|Any CPU
		{F154370C-C899-4C4F-8642-B314BC13EB24}.Ad-Hoc|ARM.Build.0 = Debug|Any CPU
		{F154370C-C899-4C4F-8642-B314BC13EB24}.Ad-Hoc|iPhone.ActiveCfg = Debug|Any CPU
		{F154370C-C899-4C4F-8642-B314BC13EB24}.Ad-Hoc|iPhone.Build.0 = Debug|Any CPU
		{F154370C-C899-4C4F-8642-B314BC13EB24}.Ad-Hoc|iPhoneSimulator.ActiveCfg = Debug|Any CPU
		{F154370C-C899-4C4F-8642-B314BC13EB24}.Ad-Hoc|iPhoneSimulator.Build.0 = Debug|Any CPU
		{F154370C-C899-4C4F-8642-B314BC13EB24}.Ad-Hoc|x64.ActiveCfg = Debug|Any CPU
		{F154370C-C899-4C4F-8642-B314BC13EB24}.Ad-Hoc|x64.Build.0 = Debug|Any CPU
		{F154370C-C899-4C4F-8642-B314BC13EB24}.Ad-Hoc|x86.ActiveCfg = Debug|Any CPU
		{F154370C-C899-4C4F-8642-B314BC13EB24}.Ad-Hoc|x86.Build.0 = Debug|Any CPU
		{F154370C-C899-4C4F-8642-B314BC13EB24}.AppStore|Any CPU.ActiveCfg = Debug|Any CPU
		{F154370C-C899-4C4F-8642-B314BC13EB24}.AppStore|Any CPU.Build.0 = Debug|Any CPU
		{F154370C-C899-4C4F-8642-B314BC13EB24}.AppStore|ARM.ActiveCfg = Debug|Any CPU
		{F154370C-C899-4C4F-8642-B314BC13EB24}.AppStore|ARM.Build.0 = Debug|Any CPU
		{F154370C-C899-4C4F-8642-B314BC13EB24}.AppStore|iPhone.ActiveCfg = Debug|Any CPU
		{F154370C-C899-4C4F-8642-B314BC13EB24}.AppStore|iPhone.Build.0 = Debug|Any CPU
		{F154370C-C899-4C4F-8642-B314BC13EB24}.AppStore|iPhoneSimulator.ActiveCfg = Debug|Any CPU
		{F154370C-C899-4C4F-8642-B314BC13EB24}.AppStore|iPhoneSimulator.Build.0 = Debug|Any CPU
		{F154370C-C899-4C4F-8642-B314BC13EB24}.AppStore|x64.ActiveCfg = Debug|Any CPU
		{F154370C-C899-4C4F-8642-B314BC13EB24}.AppStore|x64.Build.0 = Debug|Any CPU
		{F154370C-C899-4C4F-8642-B314BC13EB24}.AppStore|x86.ActiveCfg = Debug|Any CPU
		{F154370C-C899-4C4F-8642-B314BC13EB24}.AppStore|x86.Build.0 = Debug|Any CPU
		{F154370C-C899-4C4F-8642-B314BC13EB24}.Debug|Any CPU.ActiveCfg = Debug|Any CPU
		{F154370C-C899-4C4F-8642-B314BC13EB24}.Debug|Any CPU.Build.0 = Debug|Any CPU
		{F154370C-C899-4C4F-8642-B314BC13EB24}.Debug|ARM.ActiveCfg = Debug|Any CPU
		{F154370C-C899-4C4F-8642-B314BC13EB24}.Debug|ARM.Build.0 = Debug|Any CPU
		{F154370C-C899-4C4F-8642-B314BC13EB24}.Debug|iPhone.ActiveCfg = Debug|Any CPU
		{F154370C-C899-4C4F-8642-B314BC13EB24}.Debug|iPhone.Build.0 = Debug|Any CPU
		{F154370C-C899-4C4F-8642-B314BC13EB24}.Debug|iPhoneSimulator.ActiveCfg = Debug|Any CPU
		{F154370C-C899-4C4F-8642-B314BC13EB24}.Debug|iPhoneSimulator.Build.0 = Debug|Any CPU
		{F154370C-C899-4C4F-8642-B314BC13EB24}.Debug|x64.ActiveCfg = Debug|Any CPU
		{F154370C-C899-4C4F-8642-B314BC13EB24}.Debug|x64.Build.0 = Debug|Any CPU
		{F154370C-C899-4C4F-8642-B314BC13EB24}.Debug|x86.ActiveCfg = Debug|Any CPU
		{F154370C-C899-4C4F-8642-B314BC13EB24}.Debug|x86.Build.0 = Debug|Any CPU
		{F154370C-C899-4C4F-8642-B314BC13EB24}.Release|Any CPU.ActiveCfg = Release|Any CPU
		{F154370C-C899-4C4F-8642-B314BC13EB24}.Release|Any CPU.Build.0 = Release|Any CPU
		{F154370C-C899-4C4F-8642-B314BC13EB24}.Release|ARM.ActiveCfg = Release|Any CPU
		{F154370C-C899-4C4F-8642-B314BC13EB24}.Release|ARM.Build.0 = Release|Any CPU
		{F154370C-C899-4C4F-8642-B314BC13EB24}.Release|iPhone.ActiveCfg = Release|Any CPU
		{F154370C-C899-4C4F-8642-B314BC13EB24}.Release|iPhone.Build.0 = Release|Any CPU
		{F154370C-C899-4C4F-8642-B314BC13EB24}.Release|iPhoneSimulator.ActiveCfg = Release|Any CPU
		{F154370C-C899-4C4F-8642-B314BC13EB24}.Release|iPhoneSimulator.Build.0 = Release|Any CPU
		{F154370C-C899-4C4F-8642-B314BC13EB24}.Release|x64.ActiveCfg = Release|Any CPU
		{F154370C-C899-4C4F-8642-B314BC13EB24}.Release|x64.Build.0 = Release|Any CPU
		{F154370C-C899-4C4F-8642-B314BC13EB24}.Release|x86.ActiveCfg = Release|Any CPU
		{F154370C-C899-4C4F-8642-B314BC13EB24}.Release|x86.Build.0 = Release|Any CPU
	EndGlobalSection
	GlobalSection(SolutionProperties) = preSolution
		HideSolutionNode = FALSE
	EndGlobalSection
	GlobalSection(ExtensibilityGlobals) = postSolution
		SolutionGuid = {1CD6C6B3-FEB7-4AB4-8A82-8BA87845F23C}
	EndGlobalSection
EndGlobal
